// !$*UTF8*$!
{
	archiveVersion = 1;
	classes = {
	};
	objectVersion = 46;
	objects = {

/* Begin PBXBuildFile section */
		B3F308851D72F88D00E737E7 /* main.m in Sources */ = {isa = PBXBuildFile; fileRef = B3F308841D72F88D00E737E7 /* main.m */; };
		B3F308881D72F88D00E737E7 /* AppDelegate.m in Sources */ = {isa = PBXBuildFile; fileRef = B3F308871D72F88D00E737E7 /* AppDelegate.m */; };
		B3F308901D72F88D00E737E7 /* Assets.xcassets in Resources */ = {isa = PBXBuildFile; fileRef = B3F3088F1D72F88D00E737E7 /* Assets.xcassets */; };
		B3F308931D72F88D00E737E7 /* LaunchScreen.storyboard in Resources */ = {isa = PBXBuildFile; fileRef = B3F308911D72F88D00E737E7 /* LaunchScreen.storyboard */; };
		B3F308A01D72FEC200E737E7 /* CJMHomeViewController.m in Sources */ = {isa = PBXBuildFile; fileRef = B3F3089F1D72FEC200E737E7 /* CJMHomeViewController.m */; };
		B3F308A31D72FEF700E737E7 /* CJMMainViewController.m in Sources */ = {isa = PBXBuildFile; fileRef = B3F308A21D72FEF700E737E7 /* CJMMainViewController.m */; };
		D34C0E558BA45CBB98EE7A9E /* libPods-生活圈.a in Frameworks */ = {isa = PBXBuildFile; fileRef = A6B3C247E39C633464FDD17A /* libPods-生活圈.a */; };
/* End PBXBuildFile section */

/* Begin PBXFileReference section */
		71AA130F745274046A25E0A0 /* Pods-生活圈.debug.xcconfig */ = {isa = PBXFileReference; includeInIndex = 1; lastKnownFileType = text.xcconfig; name = "Pods-生活圈.debug.xcconfig"; path = "Pods/Target Support Files/Pods-生活圈/Pods-生活圈.debug.xcconfig"; sourceTree = "<group>"; };
		A6B3C247E39C633464FDD17A /* libPods-生活圈.a */ = {isa = PBXFileReference; explicitFileType = archive.ar; includeInIndex = 0; path = "libPods-生活圈.a"; sourceTree = BUILT_PRODUCTS_DIR; };
		B3F308801D72F88D00E737E7 /* 生活圈.app */ = {isa = PBXFileReference; explicitFileType = wrapper.application; includeInIndex = 0; path = "生活圈.app"; sourceTree = BUILT_PRODUCTS_DIR; };
		B3F308841D72F88D00E737E7 /* main.m */ = {isa = PBXFileReference; lastKnownFileType = sourcecode.c.objc; path = main.m; sourceTree = "<group>"; };
		B3F308861D72F88D00E737E7 /* AppDelegate.h */ = {isa = PBXFileReference; lastKnownFileType = sourcecode.c.h; path = AppDelegate.h; sourceTree = "<group>"; };
		B3F308871D72F88D00E737E7 /* AppDelegate.m */ = {isa = PBXFileReference; lastKnownFileType = sourcecode.c.objc; path = AppDelegate.m; sourceTree = "<group>"; };
		B3F3088F1D72F88D00E737E7 /* Assets.xcassets */ = {isa = PBXFileReference; lastKnownFileType = folder.assetcatalog; name = Assets.xcassets; path = "生活圈/Assets.xcassets"; sourceTree = "<group>"; };
		B3F308921D72F88D00E737E7 /* Base */ = {isa = PBXFileReference; lastKnownFileType = file.storyboard; name = Base; path = Base.lproj/LaunchScreen.storyboard; sourceTree = "<group>"; };
		B3F308941D72F88D00E737E7 /* Info.plist */ = {isa = PBXFileReference; lastKnownFileType = text.plist.xml; name = Info.plist; path = "生活圈/Info.plist"; sourceTree = "<group>"; };
		B3F3089E1D72FEC200E737E7 /* CJMHomeViewController.h */ = {isa = PBXFileReference; fileEncoding = 4; lastKnownFileType = sourcecode.c.h; path = CJMHomeViewController.h; sourceTree = "<group>"; };
		B3F3089F1D72FEC200E737E7 /* CJMHomeViewController.m */ = {isa = PBXFileReference; fileEncoding = 4; lastKnownFileType = sourcecode.c.objc; path = CJMHomeViewController.m; sourceTree = "<group>"; };
		B3F308A11D72FEF700E737E7 /* CJMMainViewController.h */ = {isa = PBXFileReference; fileEncoding = 4; lastKnownFileType = sourcecode.c.h; path = CJMMainViewController.h; sourceTree = "<group>"; };
		B3F308A21D72FEF700E737E7 /* CJMMainViewController.m */ = {isa = PBXFileReference; fileEncoding = 4; lastKnownFileType = sourcecode.c.objc; path = CJMMainViewController.m; sourceTree = "<group>"; };
		E158829069E19DFB56A35C76 /* Pods-生活圈.release.xcconfig */ = {isa = PBXFileReference; includeInIndex = 1; lastKnownFileType = text.xcconfig; name = "Pods-生活圈.release.xcconfig"; path = "Pods/Target Support Files/Pods-生活圈/Pods-生活圈.release.xcconfig"; sourceTree = "<group>"; };
/* End PBXFileReference section */

/* Begin PBXFrameworksBuildPhase section */
		B3F3087D1D72F88D00E737E7 /* Frameworks */ = {
			isa = PBXFrameworksBuildPhase;
			buildActionMask = 2147483647;
			files = (
				D34C0E558BA45CBB98EE7A9E /* libPods-生活圈.a in Frameworks */,
			);
			runOnlyForDeploymentPostprocessing = 0;
		};
/* End PBXFrameworksBuildPhase section */

/* Begin PBXGroup section */
		AD2E56841D8145A97C2916A3 /* Frameworks */ = {
			isa = PBXGroup;
			children = (
				A6B3C247E39C633464FDD17A /* libPods-生活圈.a */,
			);
			name = Frameworks;
			sourceTree = "<group>";
		};
		B3F308771D72F88D00E737E7 = {
			isa = PBXGroup;
			children = (
				B3F308821D72F88D00E737E7 /* 生活圈 */,
				B3F308811D72F88D00E737E7 /* Products */,
				B3F3088F1D72F88D00E737E7 /* Assets.xcassets */,
				B3F308911D72F88D00E737E7 /* LaunchScreen.storyboard */,
				B3F308941D72F88D00E737E7 /* Info.plist */,
				D9696E4A3314B57E9C43DC5E /* Pods */,
				AD2E56841D8145A97C2916A3 /* Frameworks */,
			);
			sourceTree = "<group>";
		};
		B3F308811D72F88D00E737E7 /* Products */ = {
			isa = PBXGroup;
			children = (
				B3F308801D72F88D00E737E7 /* 生活圈.app */,
			);
			name = Products;
			sourceTree = "<group>";
		};
		B3F308821D72F88D00E737E7 /* 生活圈 */ = {
			isa = PBXGroup;
			children = (
				B3F3089B1D72FE6000E737E7 /* Classes */,
				B3F3089A1D72FE4C00E737E7 /* Tools */,
				B3F308861D72F88D00E737E7 /* AppDelegate.h */,
				B3F308871D72F88D00E737E7 /* AppDelegate.m */,
				B3F308831D72F88D00E737E7 /* Supporting Files */,
			);
			path = "生活圈";
			sourceTree = "<group>";
		};
		B3F308831D72F88D00E737E7 /* Supporting Files */ = {
			isa = PBXGroup;
			children = (
				B3F308841D72F88D00E737E7 /* main.m */,
			);
			name = "Supporting Files";
			sourceTree = "<group>";
		};
		B3F3089A1D72FE4C00E737E7 /* Tools */ = {
			isa = PBXGroup;
			children = (
			);
			path = Tools;
			sourceTree = "<group>";
		};
		B3F3089B1D72FE6000E737E7 /* Classes */ = {
			isa = PBXGroup;
			children = (
				B3F3089C1D72FE6000E737E7 /* Home */,
				B3F3089D1D72FE6000E737E7 /* Main */,
			);
			path = Classes;
			sourceTree = "<group>";
		};
		B3F3089C1D72FE6000E737E7 /* Home */ = {
			isa = PBXGroup;
			children = (
				B3F3089E1D72FEC200E737E7 /* CJMHomeViewController.h */,
				B3F3089F1D72FEC200E737E7 /* CJMHomeViewController.m */,
			);
			path = Home;
			sourceTree = "<group>";
		};
		B3F3089D1D72FE6000E737E7 /* Main */ = {
			isa = PBXGroup;
			children = (
				B3F308A11D72FEF700E737E7 /* CJMMainViewController.h */,
				B3F308A21D72FEF700E737E7 /* CJMMainViewController.m */,
			);
			path = Main;
			sourceTree = "<group>";
		};
		D9696E4A3314B57E9C43DC5E /* Pods */ = {
			isa = PBXGroup;
			children = (
				71AA130F745274046A25E0A0 /* Pods-生活圈.debug.xcconfig */,
				E158829069E19DFB56A35C76 /* Pods-生活圈.release.xcconfig */,
			);
			name = Pods;
			sourceTree = "<group>";
		};
/* End PBXGroup section */

/* Begin PBXNativeTarget section */
		B3F3087F1D72F88D00E737E7 /* 生活圈 */ = {
			isa = PBXNativeTarget;
			buildConfigurationList = B3F308971D72F88D00E737E7 /* Build configuration list for PBXNativeTarget "生活圈" */;
			buildPhases = (
				057F11F183F5EAA12AE65F4B /* [CP] Check Pods Manifest.lock */,
				B3F3087C1D72F88D00E737E7 /* Sources */,
				B3F3087D1D72F88D00E737E7 /* Frameworks */,
				B3F3087E1D72F88D00E737E7 /* Resources */,
				6DC7B3BA058F2F2862320853 /* [CP] Embed Pods Frameworks */,
				0D21823B9B998A0D82603800 /* [CP] Copy Pods Resources */,
			);
			buildRules = (
			);
			dependencies = (
			);
			name = "生活圈";
			productName = "生活圈";
			productReference = B3F308801D72F88D00E737E7 /* 生活圈.app */;
			productType = "com.apple.product-type.application";
		};
/* End PBXNativeTarget section */

/* Begin PBXProject section */
		B3F308781D72F88D00E737E7 /* Project object */ = {
			isa = PBXProject;
			attributes = {
				CLASSPREFIX = CJM;
				LastUpgradeCheck = 0730;
				ORGANIZATIONNAME = "1 10 1";
				TargetAttributes = {
					B3F3087F1D72F88D00E737E7 = {
						CreatedOnToolsVersion = 7.3.1;
					};
				};
			};
			buildConfigurationList = B3F3087B1D72F88D00E737E7 /* Build configuration list for PBXProject "生活圈" */;
			compatibilityVersion = "Xcode 3.2";
			developmentRegion = English;
			hasScannedForEncodings = 0;
			knownRegions = (
				en,
				Base,
			);
			mainGroup = B3F308771D72F88D00E737E7;
			productRefGroup = B3F308811D72F88D00E737E7 /* Products */;
			projectDirPath = "";
			projectRoot = "";
			targets = (
				B3F3087F1D72F88D00E737E7 /* 生活圈 */,
			);
		};
/* End PBXProject section */

/* Begin PBXResourcesBuildPhase section */
		B3F3087E1D72F88D00E737E7 /* Resources */ = {
			isa = PBXResourcesBuildPhase;
			buildActionMask = 2147483647;
			files = (
				B3F308931D72F88D00E737E7 /* LaunchScreen.storyboard in Resources */,
				B3F308901D72F88D00E737E7 /* Assets.xcassets in Resources */,
			);
			runOnlyForDeploymentPostprocessing = 0;
		};
/* End PBXResourcesBuildPhase section */

/* Begin PBXShellScriptBuildPhase section */
		057F11F183F5EAA12AE65F4B /* [CP] Check Pods Manifest.lock */ = {
			isa = PBXShellScriptBuildPhase;
			buildActionMask = 2147483647;
			files = (
			);
			inputPaths = (
			);
			name = "[CP] Check Pods Manifest.lock";
			outputPaths = (
			);
			runOnlyForDeploymentPostprocessing = 0;
			shellPath = /bin/sh;
			shellScript = "diff \"${PODS_ROOT}/../Podfile.lock\" \"${PODS_ROOT}/Manifest.lock\" > /dev/null\nif [[ $? != 0 ]] ; then\n    cat << EOM\nerror: The sandbox is not in sync with the Podfile.lock. Run 'pod install' or update your CocoaPods installation.\nEOM\n    exit 1\nfi\n";
			showEnvVarsInLog = 0;
		};
		0D21823B9B998A0D82603800 /* [CP] Copy Pods Resources */ = {
			isa = PBXShellScriptBuildPhase;
			buildActionMask = 2147483647;
			files = (
			);
			inputPaths = (
			);
			name = "[CP] Copy Pods Resources";
			outputPaths = (
			);
			runOnlyForDeploymentPostprocessing = 0;
			shellPath = /bin/sh;
			shellScript = "\"${SRCROOT}/Pods/Target Support Files/Pods-生活圈/Pods-生活圈-resources.sh\"\n";
			showEnvVarsInLog = 0;
		};
		6DC7B3BA058F2F2862320853 /* [CP] Embed Pods Frameworks */ = {
			isa = PBXShellScriptBuildPhase;
			buildActionMask = 2147483647;
			files = (
			);
			inputPaths = (
			);
			name = "[CP] Embed Pods Frameworks";
			outputPaths = (
			);
			runOnlyForDeploymentPostprocessing = 0;
			shellPath = /bin/sh;
			shellScript = "\"${SRCROOT}/Pods/Target Support Files/Pods-生活圈/Pods-生活圈-frameworks.sh\"\n";
			showEnvVarsInLog = 0;
		};
/* End PBXShellScriptBuildPhase section */

/* Begin PBXSourcesBuildPhase section */
		B3F3087C1D72F88D00E737E7 /* Sources */ = {
			isa = PBXSourcesBuildPhase;
			buildActionMask = 2147483647;
			files = (
				B3F308A31D72FEF700E737E7 /* CJMMainViewController.m in Sources */,
				B3F308A01D72FEC200E737E7 /* CJMHomeViewController.m in Sources */,
				B3F308881D72F88D00E737E7 /* AppDelegate.m in Sources */,
				B3F308851D72F88D00E737E7 /* main.m in Sources */,
			);
			runOnlyForDeploymentPostprocessing = 0;
		};
/* End PBXSourcesBuildPhase section */

/* Begin PBXVariantGroup section */
		B3F308911D72F88D00E737E7 /* LaunchScreen.storyboard */ = {
			isa = PBXVariantGroup;
			children = (
				B3F308921D72F88D00E737E7 /* Base */,
			);
			name = LaunchScreen.storyboard;
			path = "生活圈";
			sourceTree = "<group>";
		};
/* End PBXVariantGroup section */

/* Begin XCBuildConfiguration section */
		B3F308951D72F88D00E737E7 /* Debug */ = {
			isa = XCBuildConfiguration;
			buildSettings = {
				ALWAYS_SEARCH_USER_PATHS = NO;
				CLANG_ANALYZER_NONNULL = YES;
				CLANG_CXX_LANGUAGE_STANDARD = "gnu++0x";
				CLANG_CXX_LIBRARY = "libc++";
				CLANG_ENABLE_MODULES = YES;
				CLANG_ENABLE_OBJC_ARC = YES;
				CLANG_WARN_BOOL_CONVERSION = YES;
				CLANG_WARN_CONSTANT_CONVERSION = YES;
				CLANG_WARN_DIRECT_OBJC_ISA_USAGE = YES_ERROR;
				CLANG_WARN_EMPTY_BODY = YES;
				CLANG_WARN_ENUM_CONVERSION = YES;
				CLANG_WARN_INT_CONVERSION = YES;
				CLANG_WARN_OBJC_ROOT_CLASS = YES_ERROR;
				CLANG_WARN_UNREACHABLE_CODE = YES;
				CLANG_WARN__DUPLICATE_METHOD_MATCH = YES;
				"CODE_SIGN_IDENTITY[sdk=iphoneos*]" = "iPhone Developer";
				COPY_PHASE_STRIP = NO;
				DEBUG_INFORMATION_FORMAT = dwarf;
				ENABLE_STRICT_OBJC_MSGSEND = YES;
				ENABLE_TESTABILITY = YES;
				GCC_C_LANGUAGE_STANDARD = gnu99;
				GCC_DYNAMIC_NO_PIC = NO;
				GCC_NO_COMMON_BLOCKS = YES;
				GCC_OPTIMIZATION_LEVEL = 0;
				GCC_PREPROCESSOR_DEFINITIONS = (
					"DEBUG=1",
					"$(inherited)",
				);
				GCC_WARN_64_TO_32_BIT_CONVERSION = YES;
				GCC_WARN_ABOUT_RETURN_TYPE = YES_ERROR;
				GCC_WARN_UNDECLARED_SELECTOR = YES;
				GCC_WARN_UNINITIALIZED_AUTOS = YES_AGGRESSIVE;
				GCC_WARN_UNUSED_FUNCTION = YES;
				GCC_WARN_UNUSED_VARIABLE = YES;
				IPHONEOS_DEPLOYMENT_TARGET = 9.3;
				MTL_ENABLE_DEBUG_INFO = YES;
				ONLY_ACTIVE_ARCH = YES;
				SDKROOT = iphoneos;
				TARGETED_DEVICE_FAMILY = "1,2";
			};
			name = Debug;
		};
		B3F308961D72F88D00E737E7 /* Release */ = {
			isa = XCBuildConfiguration;
			buildSettings = {
				ALWAYS_SEARCH_USER_PATHS = NO;
				CLANG_ANALYZER_NONNULL = YES;
				CLANG_CXX_LANGUAGE_STANDARD = "gnu++0x";
				CLANG_CXX_LIBRARY = "libc++";
				CLANG_ENABLE_MODULES = YES;
				CLANG_ENABLE_OBJC_ARC = YES;
				CLANG_WARN_BOOL_CONVERSION = YES;
				CLANG_WARN_CONSTANT_CONVERSION = YES;
				CLANG_WARN_DIRECT_OBJC_ISA_USAGE = YES_ERROR;
				CLANG_WARN_EMPTY_BODY = YES;
				CLANG_WARN_ENUM_CONVERSION = YES;
				CLANG_WARN_INT_CONVERSION = YES;
				CLANG_WARN_OBJC_ROOT_CLASS = YES_ERROR;
				CLANG_WARN_UNREACHABLE_CODE = YES;
				CLANG_WARN__DUPLICATE_METHOD_MATCH = YES;
				"CODE_SIGN_IDENTITY[sdk=iphoneos*]" = "iPhone Developer";
				COPY_PHASE_STRIP = NO;
				DEBUG_INFORMATION_FORMAT = "dwarf-with-dsym";
				ENABLE_NS_ASSERTIONS = NO;
				ENABLE_STRICT_OBJC_MSGSEND = YES;
				GCC_C_LANGUAGE_STANDARD = gnu99;
				GCC_NO_COMMON_BLOCKS = YES;
				GCC_WARN_64_TO_32_BIT_CONVERSION = YES;
				GCC_WARN_ABOUT_RETURN_TYPE = YES_ERROR;
				GCC_WARN_UNDECLARED_SELECTOR = YES;
				GCC_WARN_UNINITIALIZED_AUTOS = YES_AGGRESSIVE;
				GCC_WARN_UNUSED_FUNCTION = YES;
				GCC_WARN_UNUSED_VARIABLE = YES;
				IPHONEOS_DEPLOYMENT_TARGET = 9.3;
				MTL_ENABLE_DEBUG_INFO = NO;
				SDKROOT = iphoneos;
				TARGETED_DEVICE_FAMILY = "1,2";
				VALIDATE_PRODUCT = YES;
			};
			name = Release;
		};
		B3F308981D72F88D00E737E7 /* Debug */ = {
			isa = XCBuildConfiguration;
			baseConfigurationReference = 71AA130F745274046A25E0A0 /* Pods-生活圈.debug.xcconfig */;
			buildSettings = {
				ASSETCATALOG_COMPILER_APPICON_NAME = AppIcon;
				INFOPLIST_FILE = "生活圈/Info.plist";
				IPHONEOS_DEPLOYMENT_TARGET = 8.0;
				LD_RUNPATH_SEARCH_PATHS = "$(inherited) @executable_path/Frameworks";
				PRODUCT_BUNDLE_IDENTIFIER = "cn.qqds.---";
				PRODUCT_NAME = "$(TARGET_NAME)";
			};
			name = Debug;
		};
		B3F308991D72F88D00E737E7 /* Release */ = {
			isa = XCBuildConfiguration;
			baseConfigurationReference = E158829069E19DFB56A35C76 /* Pods-生活圈.release.xcconfig */;
			buildSettings = {
				ASSETCATALOG_COMPILER_APPICON_NAME = AppIcon;
				INFOPLIST_FILE = "生活圈/Info.plist";
				IPHONEOS_DEPLOYMENT_TARGET = 8.0;
				LD_RUNPATH_SEARCH_PATHS = "$(inherited) @executable_path/Frameworks";
				PRODUCT_BUNDLE_IDENTIFIER = "cn.qqds.---";
				PRODUCT_NAME = "$(TARGET_NAME)";
			};
			name = Release;
		};
/* End XCBuildConfiguration section */

/* Begin XCConfigurationList section */
		B3F3087B1D72F88D00E737E7 /* Build configuration list for PBXProject "生活圈" */ = {
			isa = XCConfigurationList;
			buildConfigurations = (
				B3F308951D72F88D00E737E7 /* Debug */,
				B3F308961D72F88D00E737E7 /* Release */,
			);
			defaultConfigurationIsVisible = 0;
			defaultConfigurationName = Release;
		};
		B3F308971D72F88D00E737E7 /* Build configuration list for PBXNativeTarget "生活圈" */ = {
			isa = XCConfigurationList;
			buildConfigurations = (
				B3F308981D72F88D00E737E7 /* Debug */,
				B3F308991D72F88D00E737E7 /* Release */,
			);
			defaultConfigurationIsVisible = 0;
			defaultConfigurationName = Release;
		};
/* End XCConfigurationList section */
	};
	rootObject = B3F308781D72F88D00E737E7 /* Project object */;
}
